
Microsoft Visual Studio Solution File, Format Version 12.00
# Visual Studio 15
VisualStudioVersion = 15.0.28307.329
MinimumVisualStudioVersion = 10.0.40219.1
Project("{FAE04EC0-301F-11D3-BF4B-00C04F79EFBC}") = "Coffee Shop", "Coffee Shop\Coffee Shop.csproj", "{C549262E-9781-4762-BE52-E50E74FD3697}"
EndProject
Global
	GlobalSection(SolutionConfigurationPlatforms) = preSolution
		Debug|Any CPU = Debug|Any CPU
		Release|Any CPU = Release|Any CPU
	EndGlobalSection
	GlobalSection(ProjectConfigurationPlatforms) = postSolution
		{C549262E-9781-4762-BE52-E50E74FD3697}.Debug|Any CPU.ActiveCfg = Debug|Any CPU
		{C549262E-9781-4762-BE52-E50E74FD3697}.Debug|Any CPU.Build.0 = Debug|Any CPU
		{C549262E-9781-4762-BE52-E50E74FD3697}.Release|Any CPU.ActiveCfg = Release|Any CPU
		{C549262E-9781-4762-BE52-E50E74FD3697}.Release|Any CPU.Build.0 = Release|Any CPU
	EndGlobalSection
	GlobalSection(SolutionProperties) = preSolution
		HideSolutionNode = FALSE
	EndGlobalSection
	GlobalSection(ExtensibilityGlobals) = postSolution
		SolutionGuid = {56B3A52B-9A62-4E5D-B51B-9EC06212D525}
	EndGlobalSection
EndGlobal
